
Microsoft Visual Studio Solution File, Format Version 12.00
# Visual Studio Version 17
VisualStudioVersion = 17.14.36717.8
MinimumVisualStudioVersion = 10.0.40219.1
Project("{FAE04EC0-301F-11D3-BF4B-00C04F79EFBC}") = "SmartTasksAPI", "SmartTasksAPI\SmartTasksAPI.csproj", "{B49A1031-4677-4114-B8A4-3501850C34AF}"
EndProject
Project("{FAE04EC0-301F-11D3-BF4B-00C04F79EFBC}") = "SmartTasksAPI.Tests", "SmartTasksAPI.Tests\SmartTasksAPI.Tests.csproj", "{95F219BF-4D9A-4B95-AB5A-CA1C95CF44E0}"
EndProject
Global
	GlobalSection(SolutionConfigurationPlatforms) = preSolution
		Debug|Any CPU = Debug|Any CPU
		Debug|x64 = Debug|x64
		Debug|x86 = Debug|x86
		Release|Any CPU = Release|Any CPU
		Release|x64 = Release|x64
		Release|x86 = Release|x86
	EndGlobalSection
	GlobalSection(ProjectConfigurationPlatforms) = postSolution
		{B49A1031-4677-4114-B8A4-3501850C34AF}.Debug|Any CPU.ActiveCfg = Debug|Any CPU
		{B49A1031-4677-4114-B8A4-3501850C34AF}.Debug|Any CPU.Build.0 = Debug|Any CPU
		{B49A1031-4677-4114-B8A4-3501850C34AF}.Debug|x64.ActiveCfg = Debug|Any CPU
		{B49A1031-4677-4114-B8A4-3501850C34AF}.Debug|x64.Build.0 = Debug|Any CPU
		{B49A1031-4677-4114-B8A4-3501850C34AF}.Debug|x86.ActiveCfg = Debug|Any CPU
		{B49A1031-4677-4114-B8A4-3501850C34AF}.Debug|x86.Build.0 = Debug|Any CPU
		{B49A1031-4677-4114-B8A4-3501850C34AF}.Release|Any CPU.ActiveCfg = Release|Any CPU
		{B49A1031-4677-4114-B8A4-3501850C34AF}.Release|Any CPU.Build.0 = Release|Any CPU
		{B49A1031-4677-4114-B8A4-3501850C34AF}.Release|x64.ActiveCfg = Release|Any CPU
		{B49A1031-4677-4114-B8A4-3501850C34AF}.Release|x64.Build.0 = Release|Any CPU
		{B49A1031-4677-4114-B8A4-3501850C34AF}.Release|x86.ActiveCfg = Release|Any CPU
		{B49A1031-4677-4114-B8A4-3501850C34AF}.Release|x86.Build.0 = Release|Any CPU
		{95F219BF-4D9A-4B95-AB5A-CA1C95CF44E0}.Debug|Any CPU.ActiveCfg = Debug|Any CPU
		{95F219BF-4D9A-4B95-AB5A-CA1C95CF44E0}.Debug|Any CPU.Build.0 = Debug|Any CPU
		{95F219BF-4D9A-4B95-AB5A-CA1C95CF44E0}.Debug|x64.ActiveCfg = Debug|Any CPU
		{95F219BF-4D9A-4B95-AB5A-CA1C95CF44E0}.Debug|x64.Build.0 = Debug|Any CPU
		{95F219BF-4D9A-4B95-AB5A-CA1C95CF44E0}.Debug|x86.ActiveCfg = Debug|Any CPU
		{95F219BF-4D9A-4B95-AB5A-CA1C95CF44E0}.Debug|x86.Build.0 = Debug|Any CPU
		{95F219BF-4D9A-4B95-AB5A-CA1C95CF44E0}.Release|Any CPU.ActiveCfg = Release|Any CPU
		{95F219BF-4D9A-4B95-AB5A-CA1C95CF44E0}.Release|Any CPU.Build.0 = Release|Any CPU
		{95F219BF-4D9A-4B95-AB5A-CA1C95CF44E0}.Release|x64.ActiveCfg = Release|Any CPU
		{95F219BF-4D9A-4B95-AB5A-CA1C95CF44E0}.Release|x64.Build.0 = Release|Any CPU
		{95F219BF-4D9A-4B95-AB5A-CA1C95CF44E0}.Release|x86.ActiveCfg = Release|Any CPU
		{95F219BF-4D9A-4B95-AB5A-CA1C95CF44E0}.Release|x86.Build.0 = Release|Any CPU
	EndGlobalSection
	GlobalSection(SolutionProperties) = preSolution
		HideSolutionNode = FALSE
	EndGlobalSection
	GlobalSection(ExtensibilityGlobals) = postSolution
		SolutionGuid = {585C5421-EA7D-479C-B0D8-5216589F765A}
	EndGlobalSection
EndGlobal
